
Microsoft Visual Studio Solution File, Format Version 12.00
# Visual Studio Version 17
VisualStudioVersion = 17.14.36511.14 d17.14
MinimumVisualStudioVersion = 10.0.40219.1
Project("{FAE04EC0-301F-11D3-BF4B-00C04F79EFBC}") = "SuperMarket", "SuperMarket\SuperMarket.csproj", "{63D30199-B76E-4B20-80BC-3A7E044C15FF}"
EndProject
Global
	GlobalSection(SolutionConfigurationPlatforms) = preSolution
		Debug|Any CPU = Debug|Any CPU
		Release|Any CPU = Release|Any CPU
	EndGlobalSection
	GlobalSection(ProjectConfigurationPlatforms) = postSolution
		{63D30199-B76E-4B20-80BC-3A7E044C15FF}.Debug|Any CPU.ActiveCfg = Debug|Any CPU
		{63D30199-B76E-4B20-80BC-3A7E044C15FF}.Debug|Any CPU.Build.0 = Debug|Any CPU
		{63D30199-B76E-4B20-80BC-3A7E044C15FF}.Release|Any CPU.ActiveCfg = Release|Any CPU
		{63D30199-B76E-4B20-80BC-3A7E044C15FF}.Release|Any CPU.Build.0 = Release|Any CPU
	EndGlobalSection
	GlobalSection(SolutionProperties) = preSolution
		HideSolutionNode = FALSE
	EndGlobalSection
	GlobalSection(ExtensibilityGlobals) = postSolution
		SolutionGuid = {98A1B9F4-4721-4407-BF7C-0B779E5B7DF9}
	EndGlobalSection
EndGlobal
